
Microsoft Visual Studio Solution File, Format Version 12.00
# Visual Studio Version 16
VisualStudioVersion = 16.0.30204.135
MinimumVisualStudioVersion = 10.0.40219.1
Project("{9A19103F-16F7-4668-BE54-9A1E7A4F7556}") = "Lab4_5", "Lab4_5\Lab4_5.csproj", "{9BCADC45-049E-49DA-9C81-17B170738B1C}"
EndProject
Global
	GlobalSection(SolutionConfigurationPlatforms) = preSolution
		Debug|Any CPU = Debug|Any CPU
		Release|Any CPU = Release|Any CPU
	EndGlobalSection
	GlobalSection(ProjectConfigurationPlatforms) = postSolution
		{9BCADC45-049E-49DA-9C81-17B170738B1C}.Debug|Any CPU.ActiveCfg = Debug|Any CPU
		{9BCADC45-049E-49DA-9C81-17B170738B1C}.Debug|Any CPU.Build.0 = Debug|Any CPU
		{9BCADC45-049E-49DA-9C81-17B170738B1C}.Release|Any CPU.ActiveCfg = Release|Any CPU
		{9BCADC45-049E-49DA-9C81-17B170738B1C}.Release|Any CPU.Build.0 = Release|Any CPU
	EndGlobalSection
	GlobalSection(SolutionProperties) = preSolution
		HideSolutionNode = FALSE
	EndGlobalSection
	GlobalSection(ExtensibilityGlobals) = postSolution
		SolutionGuid = {CE1114C5-FA45-4E5F-A7D8-982878C50201}
	EndGlobalSection
EndGlobal
